
Microsoft Visual Studio Solution File, Format Version 12.00
# Visual Studio Version 17
VisualStudioVersion = 17.10.35013.160
MinimumVisualStudioVersion = 10.0.40219.1
Project("{FAE04EC0-301F-11D3-BF4B-00C04F79EFBC}") = "26.6.2024 new", "26.6.2024 new\26.6.2024 new.csproj", "{B28395B8-1AAE-4AFF-8CBD-DA74A276FD16}"
EndProject
Global
	GlobalSection(SolutionConfigurationPlatforms) = preSolution
		Debug|Any CPU = Debug|Any CPU
		Release|Any CPU = Release|Any CPU
	EndGlobalSection
	GlobalSection(ProjectConfigurationPlatforms) = postSolution
		{B28395B8-1AAE-4AFF-8CBD-DA74A276FD16}.Debug|Any CPU.ActiveCfg = Debug|Any CPU
		{B28395B8-1AAE-4AFF-8CBD-DA74A276FD16}.Debug|Any CPU.Build.0 = Debug|Any CPU
		{B28395B8-1AAE-4AFF-8CBD-DA74A276FD16}.Release|Any CPU.ActiveCfg = Release|Any CPU
		{B28395B8-1AAE-4AFF-8CBD-DA74A276FD16}.Release|Any CPU.Build.0 = Release|Any CPU
	EndGlobalSection
	GlobalSection(SolutionProperties) = preSolution
		HideSolutionNode = FALSE
	EndGlobalSection
	GlobalSection(ExtensibilityGlobals) = postSolution
		SolutionGuid = {C7713CD6-007B-461B-B997-EE66124347F4}
	EndGlobalSection
EndGlobal
